// !$*UTF8*$!
{
	archiveVersion = 1;
	classes = {
	};
	objectVersion = 51;
	objects = {

/* Begin PBXBuildFile section */
		6089483514C8B49402A6A325 /* Pods_DreamApp.framework in Frameworks */ = {isa = PBXBuildFile; fileRef = F984E4B59FD3ACEB65F59FE6 /* Pods_DreamApp.framework */; };
		C501C0682604EC9E00BE7297 /* Category.swift in Sources */ = {isa = PBXBuildFile; fileRef = C501C0672604EC9E00BE7297 /* Category.swift */; };
		C501C06C2604ED1B00BE7297 /* Service.swift in Sources */ = {isa = PBXBuildFile; fileRef = C501C06B2604ED1B00BE7297 /* Service.swift */; };
		C501C06F2604EDCF00BE7297 /* Global.swift in Sources */ = {isa = PBXBuildFile; fileRef = C501C06E2604EDCF00BE7297 /* Global.swift */; };
		C504515B25F7A9A500FACD2E /* JobCategoryCell.swift in Sources */ = {isa = PBXBuildFile; fileRef = C504515925F7A9A500FACD2E /* JobCategoryCell.swift */; };
		C504515C25F7A9A500FACD2E /* JobCategoryCell.xib in Resources */ = {isa = PBXBuildFile; fileRef = C504515A25F7A9A500FACD2E /* JobCategoryCell.xib */; };
		C504516125F7BBFB00FACD2E /* SubCategoryVC.swift in Sources */ = {isa = PBXBuildFile; fileRef = C504516025F7BBFB00FACD2E /* SubCategoryVC.swift */; };
		C504516525F7C39B00FACD2E /* ServicerListCell.swift in Sources */ = {isa = PBXBuildFile; fileRef = C504516325F7C39B00FACD2E /* ServicerListCell.swift */; };
		C504516625F7C39B00FACD2E /* ServicerListCell.xib in Resources */ = {isa = PBXBuildFile; fileRef = C504516425F7C39B00FACD2E /* ServicerListCell.xib */; };
		C504517425F7D24200FACD2E /* ServicerListVC.swift in Sources */ = {isa = PBXBuildFile; fileRef = C504517325F7D24200FACD2E /* ServicerListVC.swift */; };
		C504517725F7D84C00FACD2E /* ServicerMapVC.swift in Sources */ = {isa = PBXBuildFile; fileRef = C504517625F7D84C00FACD2E /* ServicerMapVC.swift */; };
		C51B3BBB2612AA9B001C2A09 /* GoogleService-Info.plist in Resources */ = {isa = PBXBuildFile; fileRef = C51B3BBA2612AA9B001C2A09 /* GoogleService-Info.plist */; };
		C527607625FE5933002F3989 /* ServicerVC.swift in Sources */ = {isa = PBXBuildFile; fileRef = C527607525FE5933002F3989 /* ServicerVC.swift */; };
		C527607A25FE59C3002F3989 /* ReviewListCell.swift in Sources */ = {isa = PBXBuildFile; fileRef = C527607825FE59C3002F3989 /* ReviewListCell.swift */; };
		C527607B25FE59C3002F3989 /* ReviewListCell.xib in Resources */ = {isa = PBXBuildFile; fileRef = C527607925FE59C3002F3989 /* ReviewListCell.xib */; };
		C527607F25FE65A4002F3989 /* HistoryVC.swift in Sources */ = {isa = PBXBuildFile; fileRef = C527607E25FE65A4002F3989 /* HistoryVC.swift */; };
		C527608325FE69EE002F3989 /* HistoryGoListCell.swift in Sources */ = {isa = PBXBuildFile; fileRef = C527608125FE69EE002F3989 /* HistoryGoListCell.swift */; };
		C527608425FE69EE002F3989 /* HistoryGoListCell.xib in Resources */ = {isa = PBXBuildFile; fileRef = C527608225FE69EE002F3989 /* HistoryGoListCell.xib */; };
		C527608C25FE7B22002F3989 /* FavoriteVC.swift in Sources */ = {isa = PBXBuildFile; fileRef = C527608B25FE7B22002F3989 /* FavoriteVC.swift */; };
		C527609025FE83ED002F3989 /* ChatVC.swift in Sources */ = {isa = PBXBuildFile; fileRef = C527608F25FE83ED002F3989 /* ChatVC.swift */; };
		C54A6A9D25AB856E00C34D10 /* PersonVC.swift in Sources */ = {isa = PBXBuildFile; fileRef = C54A6A9C25AB856E00C34D10 /* PersonVC.swift */; };
		C5BAE44A25EE8F4F0064E65A /* LoginHomeVC.swift in Sources */ = {isa = PBXBuildFile; fileRef = C5BAE44925EE8F4F0064E65A /* LoginHomeVC.swift */; };
		C5BAE44D25EE8F8B0064E65A /* LoginPhoneVC.swift in Sources */ = {isa = PBXBuildFile; fileRef = C5BAE44C25EE8F8B0064E65A /* LoginPhoneVC.swift */; };
		C5BAE45025EE8F9B0064E65A /* LoginEmailVC.swift in Sources */ = {isa = PBXBuildFile; fileRef = C5BAE44F25EE8F9B0064E65A /* LoginEmailVC.swift */; };
		C5BAE45325EE90330064E65A /* ForgotPassVC.swift in Sources */ = {isa = PBXBuildFile; fileRef = C5BAE45225EE90330064E65A /* ForgotPassVC.swift */; };
		C5BAE45625EE90470064E65A /* ForgotPassResendVC.swift in Sources */ = {isa = PBXBuildFile; fileRef = C5BAE45525EE90470064E65A /* ForgotPassResendVC.swift */; };
		C5BAE45F25EE92AF0064E65A /* SignupHomeVC.swift in Sources */ = {isa = PBXBuildFile; fileRef = C5BAE45E25EE92AF0064E65A /* SignupHomeVC.swift */; };
		C5BAE46225EE92BF0064E65A /* SignupEmailVC.swift in Sources */ = {isa = PBXBuildFile; fileRef = C5BAE46125EE92BF0064E65A /* SignupEmailVC.swift */; };
		C5BAE46525EE92CF0064E65A /* SignupPhoneVC.swift in Sources */ = {isa = PBXBuildFile; fileRef = C5BAE46425EE92CF0064E65A /* SignupPhoneVC.swift */; };
		C5BAE46825EE92E20064E65A /* SignupEmailConfirmVC.swift in Sources */ = {isa = PBXBuildFile; fileRef = C5BAE46725EE92E20064E65A /* SignupEmailConfirmVC.swift */; };
		C5BAE46B25EE92F20064E65A /* SignupPhoneConfirmVC.swift in Sources */ = {isa = PBXBuildFile; fileRef = C5BAE46A25EE92F20064E65A /* SignupPhoneConfirmVC.swift */; };
		C5BAE46E25EE93010064E65A /* SignupInfoVC.swift in Sources */ = {isa = PBXBuildFile; fileRef = C5BAE46D25EE93010064E65A /* SignupInfoVC.swift */; };
		C5E0DA2425A8AF79008B0BFC /* AppDelegate.swift in Sources */ = {isa = PBXBuildFile; fileRef = C5E0DA2325A8AF79008B0BFC /* AppDelegate.swift */; };
		C5E0DA2625A8AF79008B0BFC /* SceneDelegate.swift in Sources */ = {isa = PBXBuildFile; fileRef = C5E0DA2525A8AF79008B0BFC /* SceneDelegate.swift */; };
		C5E0DA2825A8AF79008B0BFC /* HomeVC.swift in Sources */ = {isa = PBXBuildFile; fileRef = C5E0DA2725A8AF79008B0BFC /* HomeVC.swift */; };
		C5E0DA2B25A8AF79008B0BFC /* Main.storyboard in Resources */ = {isa = PBXBuildFile; fileRef = C5E0DA2925A8AF79008B0BFC /* Main.storyboard */; };
		C5E0DA2D25A8AF7A008B0BFC /* Assets.xcassets in Resources */ = {isa = PBXBuildFile; fileRef = C5E0DA2C25A8AF7A008B0BFC /* Assets.xcassets */; };
		C5E0DA3025A8AF7A008B0BFC /* LaunchScreen.storyboard in Resources */ = {isa = PBXBuildFile; fileRef = C5E0DA2E25A8AF7A008B0BFC /* LaunchScreen.storyboard */; };
		C5EFF1F0260C085A00B22E8C /* RightViewCell.swift in Sources */ = {isa = PBXBuildFile; fileRef = C5EFF1EC260C085900B22E8C /* RightViewCell.swift */; };
		C5EFF1F1260C085A00B22E8C /* LeftViewCell.swift in Sources */ = {isa = PBXBuildFile; fileRef = C5EFF1ED260C085A00B22E8C /* LeftViewCell.swift */; };
		C5EFF1F2260C085A00B22E8C /* RightViewCell.xib in Resources */ = {isa = PBXBuildFile; fileRef = C5EFF1EE260C085A00B22E8C /* RightViewCell.xib */; };
		C5EFF1F3260C085A00B22E8C /* LeftViewCell.xib in Resources */ = {isa = PBXBuildFile; fileRef = C5EFF1EF260C085A00B22E8C /* LeftViewCell.xib */; };
		C5EFF1F6260C08E800B22E8C /* Extension.swift in Sources */ = {isa = PBXBuildFile; fileRef = C5EFF1F5260C08E800B22E8C /* Extension.swift */; };
		C5EFF210260C09A900B22E8C /* Message.swift in Sources */ = {isa = PBXBuildFile; fileRef = C5EFF20F260C09A900B22E8C /* Message.swift */; };
		C5EFF234260C91A700B22E8C /* ChatDetailVC.swift in Sources */ = {isa = PBXBuildFile; fileRef = C5EFF233260C91A700B22E8C /* ChatDetailVC.swift */; };
		C5EFF238260C98D500B22E8C /* ChatListViewCell.swift in Sources */ = {isa = PBXBuildFile; fileRef = C5EFF236260C98D400B22E8C /* ChatListViewCell.swift */; };
		C5EFF239260C98D500B22E8C /* ChatListViewCell.xib in Resources */ = {isa = PBXBuildFile; fileRef = C5EFF237260C98D400B22E8C /* ChatListViewCell.xib */; };
		C5EFF23D260C995B00B22E8C /* Chat.swift in Sources */ = {isa = PBXBuildFile; fileRef = C5EFF23C260C995B00B22E8C /* Chat.swift */; };
		C5F79FA726160C7200876C7B /* ServiceRateCell.swift in Sources */ = {isa = PBXBuildFile; fileRef = C5F79FA526160C7200876C7B /* ServiceRateCell.swift */; };
		C5F79FA826160C7200876C7B /* ServiceRateCell.xib in Resources */ = {isa = PBXBuildFile; fileRef = C5F79FA626160C7200876C7B /* ServiceRateCell.xib */; };
		C5F79FC72616246100876C7B /* AddServiceVC.swift in Sources */ = {isa = PBXBuildFile; fileRef = C5F79FC62616246100876C7B /* AddServiceVC.swift */; };
		C5F79FCB2616765500876C7B /* JobRate.swift in Sources */ = {isa = PBXBuildFile; fileRef = C5F79FCA2616765500876C7B /* JobRate.swift */; };
		C5F79FEC2616AE6200876C7B /* ServicersList.swift in Sources */ = {isa = PBXBuildFile; fileRef = C5F79FEB2616AE6200876C7B /* ServicersList.swift */; };
		C5FE39C1260D6CC200E4416F /* Montserrat-MediumItalic.otf in Resources */ = {isa = PBXBuildFile; fileRef = C5FE399A260D6CC200E4416F /* Montserrat-MediumItalic.otf */; };
		C5FE39C2260D6CC200E4416F /* Montserrat-Bold.otf in Resources */ = {isa = PBXBuildFile; fileRef = C5FE399B260D6CC200E4416F /* Montserrat-Bold.otf */; };
		C5FE39C3260D6CC200E4416F /* Montserrat-BlackItalic.otf in Resources */ = {isa = PBXBuildFile; fileRef = C5FE399C260D6CC200E4416F /* Montserrat-BlackItalic.otf */; };
		C5FE39C4260D6CC200E4416F /* MontserratAlternates-Black.otf in Resources */ = {isa = PBXBuildFile; fileRef = C5FE399D260D6CC200E4416F /* MontserratAlternates-Black.otf */; };
		C5FE39C5260D6CC200E4416F /* MontserratAlternates-LightItalic.otf in Resources */ = {isa = PBXBuildFile; fileRef = C5FE399E260D6CC200E4416F /* MontserratAlternates-LightItalic.otf */; };
		C5FE39C6260D6CC200E4416F /* MontserratAlternates-Medium.otf in Resources */ = {isa = PBXBuildFile; fileRef = C5FE399F260D6CC200E4416F /* MontserratAlternates-Medium.otf */; };
		C5FE39C7260D6CC200E4416F /* Montserrat-BoldItalic.otf in Resources */ = {isa = PBXBuildFile; fileRef = C5FE39A0260D6CC200E4416F /* Montserrat-BoldItalic.otf */; };
		C5FE39C8260D6CC200E4416F /* Montserrat-Light.otf in Resources */ = {isa = PBXBuildFile; fileRef = C5FE39A1260D6CC200E4416F /* Montserrat-Light.otf */; };
		C5FE39C9260D6CC200E4416F /* Montserrat-ThinItalic.otf in Resources */ = {isa = PBXBuildFile; fileRef = C5FE39A2260D6CC200E4416F /* Montserrat-ThinItalic.otf */; };
		C5FE39CA260D6CC200E4416F /* Montserrat-Thin.otf in Resources */ = {isa = PBXBuildFile; fileRef = C5FE39A3260D6CC200E4416F /* Montserrat-Thin.otf */; };
		C5FE39CB260D6CC200E4416F /* MontserratAlternates-MediumItalic.otf in Resources */ = {isa = PBXBuildFile; fileRef = C5FE39A4260D6CC200E4416F /* MontserratAlternates-MediumItalic.otf */; };
		C5FE39CC260D6CC200E4416F /* Montserrat-ExtraLight.otf in Resources */ = {isa = PBXBuildFile; fileRef = C5FE39A5260D6CC200E4416F /* Montserrat-ExtraLight.otf */; };
		C5FE39CD260D6CC200E4416F /* MontserratAlternates-BlackItalic.otf in Resources */ = {isa = PBXBuildFile; fileRef = C5FE39A6260D6CC200E4416F /* MontserratAlternates-BlackItalic.otf */; };
		C5FE39CE260D6CC200E4416F /* MontserratAlternates-Bold.otf in Resources */ = {isa = PBXBuildFile; fileRef = C5FE39A7260D6CC200E4416F /* MontserratAlternates-Bold.otf */; };
		C5FE39CF260D6CC200E4416F /* MontserratAlternates-ExtraLightItalic.otf in Resources */ = {isa = PBXBuildFile; fileRef = C5FE39A8260D6CC200E4416F /* MontserratAlternates-ExtraLightItalic.otf */; };
		C5FE39D0260D6CC200E4416F /* MontserratAlternates-Thin.otf in Resources */ = {isa = PBXBuildFile; fileRef = C5FE39A9260D6CC200E4416F /* MontserratAlternates-Thin.otf */; };
		C5FE39D1260D6CC200E4416F /* Montserrat-LightItalic.otf in Resources */ = {isa = PBXBuildFile; fileRef = C5FE39AA260D6CC200E4416F /* Montserrat-LightItalic.otf */; };
		C5FE39D2260D6CC200E4416F /* Montserrat-Medium.otf in Resources */ = {isa = PBXBuildFile; fileRef = C5FE39AB260D6CC200E4416F /* Montserrat-Medium.otf */; };
		C5FE39D3260D6CC200E4416F /* MontserratAlternates-SemiBoldItalic.otf in Resources */ = {isa = PBXBuildFile; fileRef = C5FE39AC260D6CC200E4416F /* MontserratAlternates-SemiBoldItalic.otf */; };
		C5FE39D4260D6CC200E4416F /* Montserrat-SemiBoldItalic.otf in Resources */ = {isa = PBXBuildFile; fileRef = C5FE39AD260D6CC200E4416F /* Montserrat-SemiBoldItalic.otf */; };
		C5FE39D5260D6CC200E4416F /* Montserrat-ExtraBoldItalic.otf in Resources */ = {isa = PBXBuildFile; fileRef = C5FE39AE260D6CC200E4416F /* Montserrat-ExtraBoldItalic.otf */; };
		C5FE39D6260D6CC200E4416F /* Montserrat-Italic.otf in Resources */ = {isa = PBXBuildFile; fileRef = C5FE39AF260D6CC200E4416F /* Montserrat-Italic.otf */; };
		C5FE39D7260D6CC200E4416F /* MontserratAlternates-SemiBold.otf in Resources */ = {isa = PBXBuildFile; fileRef = C5FE39B0260D6CC200E4416F /* MontserratAlternates-SemiBold.otf */; };
		C5FE39D8260D6CC200E4416F /* Montserrat-Regular.otf in Resources */ = {isa = PBXBuildFile; fileRef = C5FE39B1260D6CC200E4416F /* Montserrat-Regular.otf */; };
		C5FE39D9260D6CC200E4416F /* MontserratAlternates-ExtraBold.otf in Resources */ = {isa = PBXBuildFile; fileRef = C5FE39B2260D6CC200E4416F /* MontserratAlternates-ExtraBold.otf */; };
		C5FE39DA260D6CC200E4416F /* MontserratAlternates-BoldItalic.otf in Resources */ = {isa = PBXBuildFile; fileRef = C5FE39B3260D6CC200E4416F /* MontserratAlternates-BoldItalic.otf */; };
		C5FE39DB260D6CC200E4416F /* Montserrat-ExtraBold.otf in Resources */ = {isa = PBXBuildFile; fileRef = C5FE39B4260D6CC200E4416F /* Montserrat-ExtraBold.otf */; };
		C5FE39DC260D6CC200E4416F /* Montserrat-ExtraLightItalic.otf in Resources */ = {isa = PBXBuildFile; fileRef = C5FE39B5260D6CC200E4416F /* Montserrat-ExtraLightItalic.otf */; };
		C5FE39DD260D6CC200E4416F /* MontserratAlternates-Light.otf in Resources */ = {isa = PBXBuildFile; fileRef = C5FE39B6260D6CC200E4416F /* MontserratAlternates-Light.otf */; };
		C5FE39DE260D6CC200E4416F /* MontserratAlternates-ExtraLight.otf in Resources */ = {isa = PBXBuildFile; fileRef = C5FE39B7260D6CC200E4416F /* MontserratAlternates-ExtraLight.otf */; };
		C5FE39DF260D6CC200E4416F /* MontserratAlternates-Regular.otf in Resources */ = {isa = PBXBuildFile; fileRef = C5FE39B8260D6CC200E4416F /* MontserratAlternates-Regular.otf */; };
		C5FE39E0260D6CC200E4416F /* MontserratAlternates-ThinItalic.otf in Resources */ = {isa = PBXBuildFile; fileRef = C5FE39B9260D6CC200E4416F /* MontserratAlternates-ThinItalic.otf */; };
		C5FE39E1260D6CC200E4416F /* Montserrat-Black.otf in Resources */ = {isa = PBXBuildFile; fileRef = C5FE39BA260D6CC200E4416F /* Montserrat-Black.otf */; };
		C5FE39E2260D6CC200E4416F /* TheMixArab Bold.ttf in Resources */ = {isa = PBXBuildFile; fileRef = C5FE39BB260D6CC200E4416F /* TheMixArab Bold.ttf */; };
		C5FE39E3260D6CC200E4416F /* TheMixArab Black.ttf in Resources */ = {isa = PBXBuildFile; fileRef = C5FE39BC260D6CC200E4416F /* TheMixArab Black.ttf */; };
		C5FE39E4260D6CC200E4416F /* TheMixArab Regular.ttf in Resources */ = {isa = PBXBuildFile; fileRef = C5FE39BD260D6CC200E4416F /* TheMixArab Regular.ttf */; };
		C5FE39E5260D6CC200E4416F /* MontserratAlternates-ExtraBoldItalic.otf in Resources */ = {isa = PBXBuildFile; fileRef = C5FE39BE260D6CC200E4416F /* MontserratAlternates-ExtraBoldItalic.otf */; };
		C5FE39E6260D6CC200E4416F /* MontserratAlternates-Italic.otf in Resources */ = {isa = PBXBuildFile; fileRef = C5FE39BF260D6CC200E4416F /* MontserratAlternates-Italic.otf */; };
		C5FE39E7260D6CC200E4416F /* Montserrat-SemiBold.otf in Resources */ = {isa = PBXBuildFile; fileRef = C5FE39C0260D6CC200E4416F /* Montserrat-SemiBold.otf */; };
/* End PBXBuildFile section */

/* Begin PBXFileReference section */
		3DA934695D712947D6EE7BA7 /* Pods-DreamApp.debug.xcconfig */ = {isa = PBXFileReference; includeInIndex = 1; lastKnownFileType = text.xcconfig; name = "Pods-DreamApp.debug.xcconfig"; path = "Target Support Files/Pods-DreamApp/Pods-DreamApp.debug.xcconfig"; sourceTree = "<group>"; };
		6DA4A7BBE66E6104BEE84ECF /* Pods-DreamApp.release.xcconfig */ = {isa = PBXFileReference; includeInIndex = 1; lastKnownFileType = text.xcconfig; name = "Pods-DreamApp.release.xcconfig"; path = "Target Support Files/Pods-DreamApp/Pods-DreamApp.release.xcconfig"; sourceTree = "<group>"; };
		C501C0672604EC9E00BE7297 /* Category.swift */ = {isa = PBXFileReference; lastKnownFileType = sourcecode.swift; path = Category.swift; sourceTree = "<group>"; };
		C501C06B2604ED1B00BE7297 /* Service.swift */ = {isa = PBXFileReference; lastKnownFileType = sourcecode.swift; path = Service.swift; sourceTree = "<group>"; };
		C501C06E2604EDCF00BE7297 /* Global.swift */ = {isa = PBXFileReference; lastKnownFileType = sourcecode.swift; path = Global.swift; sourceTree = "<group>"; };
		C504515925F7A9A500FACD2E /* JobCategoryCell.swift */ = {isa = PBXFileReference; lastKnownFileType = sourcecode.swift; path = JobCategoryCell.swift; sourceTree = "<group>"; };
		C504515A25F7A9A500FACD2E /* JobCategoryCell.xib */ = {isa = PBXFileReference; lastKnownFileType = file.xib; path = JobCategoryCell.xib; sourceTree = "<group>"; };
		C504516025F7BBFB00FACD2E /* SubCategoryVC.swift */ = {isa = PBXFileReference; lastKnownFileType = sourcecode.swift; path = SubCategoryVC.swift; sourceTree = "<group>"; };
		C504516325F7C39B00FACD2E /* ServicerListCell.swift */ = {isa = PBXFileReference; lastKnownFileType = sourcecode.swift; path = ServicerListCell.swift; sourceTree = "<group>"; };
		C504516425F7C39B00FACD2E /* ServicerListCell.xib */ = {isa = PBXFileReference; lastKnownFileType = file.xib; path = ServicerListCell.xib; sourceTree = "<group>"; };
		C504517325F7D24200FACD2E /* ServicerListVC.swift */ = {isa = PBXFileReference; lastKnownFileType = sourcecode.swift; path = ServicerListVC.swift; sourceTree = "<group>"; };
		C504517625F7D84C00FACD2E /* ServicerMapVC.swift */ = {isa = PBXFileReference; lastKnownFileType = sourcecode.swift; path = ServicerMapVC.swift; sourceTree = "<group>"; };
		C51B3BBA2612AA9B001C2A09 /* GoogleService-Info.plist */ = {isa = PBXFileReference; fileEncoding = 4; lastKnownFileType = text.plist.xml; path = "GoogleService-Info.plist"; sourceTree = "<group>"; };
		C527607525FE5933002F3989 /* ServicerVC.swift */ = {isa = PBXFileReference; lastKnownFileType = sourcecode.swift; path = ServicerVC.swift; sourceTree = "<group>"; };
		C527607825FE59C3002F3989 /* ReviewListCell.swift */ = {isa = PBXFileReference; lastKnownFileType = sourcecode.swift; path = ReviewListCell.swift; sourceTree = "<group>"; };
		C527607925FE59C3002F3989 /* ReviewListCell.xib */ = {isa = PBXFileReference; lastKnownFileType = file.xib; path = ReviewListCell.xib; sourceTree = "<group>"; };
		C527607E25FE65A4002F3989 /* HistoryVC.swift */ = {isa = PBXFileReference; lastKnownFileType = sourcecode.swift; path = HistoryVC.swift; sourceTree = "<group>"; };
		C527608125FE69EE002F3989 /* HistoryGoListCell.swift */ = {isa = PBXFileReference; lastKnownFileType = sourcecode.swift; path = HistoryGoListCell.swift; sourceTree = "<group>"; };
		C527608225FE69EE002F3989 /* HistoryGoListCell.xib */ = {isa = PBXFileReference; lastKnownFileType = file.xib; path = HistoryGoListCell.xib; sourceTree = "<group>"; };
		C527608B25FE7B22002F3989 /* FavoriteVC.swift */ = {isa = PBXFileReference; lastKnownFileType = sourcecode.swift; path = FavoriteVC.swift; sourceTree = "<group>"; };
		C527608F25FE83ED002F3989 /* ChatVC.swift */ = {isa = PBXFileReference; lastKnownFileType = sourcecode.swift; path = ChatVC.swift; sourceTree = "<group>"; };
		C54A6A9C25AB856E00C34D10 /* PersonVC.swift */ = {isa = PBXFileReference; lastKnownFileType = sourcecode.swift; path = PersonVC.swift; sourceTree = "<group>"; };
		C5BAE44925EE8F4F0064E65A /* LoginHomeVC.swift */ = {isa = PBXFileReference; lastKnownFileType = sourcecode.swift; path = LoginHomeVC.swift; sourceTree = "<group>"; };
		C5BAE44C25EE8F8B0064E65A /* LoginPhoneVC.swift */ = {isa = PBXFileReference; lastKnownFileType = sourcecode.swift; path = LoginPhoneVC.swift; sourceTree = "<group>"; };
		C5BAE44F25EE8F9B0064E65A /* LoginEmailVC.swift */ = {isa = PBXFileReference; lastKnownFileType = sourcecode.swift; path = LoginEmailVC.swift; sourceTree = "<group>"; };
		C5BAE45225EE90330064E65A /* ForgotPassVC.swift */ = {isa = PBXFileReference; lastKnownFileType = sourcecode.swift; path = ForgotPassVC.swift; sourceTree = "<group>"; };
		C5BAE45525EE90470064E65A /* ForgotPassResendVC.swift */ = {isa = PBXFileReference; lastKnownFileType = sourcecode.swift; path = ForgotPassResendVC.swift; sourceTree = "<group>"; };
		C5BAE45E25EE92AF0064E65A /* SignupHomeVC.swift */ = {isa = PBXFileReference; lastKnownFileType = sourcecode.swift; path = SignupHomeVC.swift; sourceTree = "<group>"; };
		C5BAE46125EE92BF0064E65A /* SignupEmailVC.swift */ = {isa = PBXFileReference; lastKnownFileType = sourcecode.swift; path = SignupEmailVC.swift; sourceTree = "<group>"; };
		C5BAE46425EE92CF0064E65A /* SignupPhoneVC.swift */ = {isa = PBXFileReference; lastKnownFileType = sourcecode.swift; path = SignupPhoneVC.swift; sourceTree = "<group>"; };
		C5BAE46725EE92E20064E65A /* SignupEmailConfirmVC.swift */ = {isa = PBXFileReference; lastKnownFileType = sourcecode.swift; path = SignupEmailConfirmVC.swift; sourceTree = "<group>"; };
		C5BAE46A25EE92F20064E65A /* SignupPhoneConfirmVC.swift */ = {isa = PBXFileReference; lastKnownFileType = sourcecode.swift; path = SignupPhoneConfirmVC.swift; sourceTree = "<group>"; };
		C5BAE46D25EE93010064E65A /* SignupInfoVC.swift */ = {isa = PBXFileReference; lastKnownFileType = sourcecode.swift; path = SignupInfoVC.swift; sourceTree = "<group>"; };
		C5E0DA2025A8AF79008B0BFC /* DreamApp.app */ = {isa = PBXFileReference; explicitFileType = wrapper.application; includeInIndex = 0; path = DreamApp.app; sourceTree = BUILT_PRODUCTS_DIR; };
		C5E0DA2325A8AF79008B0BFC /* AppDelegate.swift */ = {isa = PBXFileReference; lastKnownFileType = sourcecode.swift; path = AppDelegate.swift; sourceTree = "<group>"; };
		C5E0DA2525A8AF79008B0BFC /* SceneDelegate.swift */ = {isa = PBXFileReference; lastKnownFileType = sourcecode.swift; path = SceneDelegate.swift; sourceTree = "<group>"; };
		C5E0DA2725A8AF79008B0BFC /* HomeVC.swift */ = {isa = PBXFileReference; lastKnownFileType = sourcecode.swift; path = HomeVC.swift; sourceTree = "<group>"; };
		C5E0DA2A25A8AF79008B0BFC /* Base */ = {isa = PBXFileReference; lastKnownFileType = file.storyboard; name = Base; path = Base.lproj/Main.storyboard; sourceTree = "<group>"; };
		C5E0DA2C25A8AF7A008B0BFC /* Assets.xcassets */ = {isa = PBXFileReference; lastKnownFileType = folder.assetcatalog; path = Assets.xcassets; sourceTree = "<group>"; };
		C5E0DA2F25A8AF7A008B0BFC /* Base */ = {isa = PBXFileReference; lastKnownFileType = file.storyboard; name = Base; path = Base.lproj/LaunchScreen.storyboard; sourceTree = "<group>"; };
		C5E0DA3125A8AF7A008B0BFC /* Info.plist */ = {isa = PBXFileReference; lastKnownFileType = text.plist.xml; path = Info.plist; sourceTree = "<group>"; };
		C5EFF1EC260C085900B22E8C /* RightViewCell.swift */ = {isa = PBXFileReference; fileEncoding = 4; lastKnownFileType = sourcecode.swift; path = RightViewCell.swift; sourceTree = "<group>"; };
		C5EFF1ED260C085A00B22E8C /* LeftViewCell.swift */ = {isa = PBXFileReference; fileEncoding = 4; lastKnownFileType = sourcecode.swift; path = LeftViewCell.swift; sourceTree = "<group>"; };
		C5EFF1EE260C085A00B22E8C /* RightViewCell.xib */ = {isa = PBXFileReference; fileEncoding = 4; lastKnownFileType = file.xib; path = RightViewCell.xib; sourceTree = "<group>"; };
		C5EFF1EF260C085A00B22E8C /* LeftViewCell.xib */ = {isa = PBXFileReference; fileEncoding = 4; lastKnownFileType = file.xib; path = LeftViewCell.xib; sourceTree = "<group>"; };
		C5EFF1F5260C08E800B22E8C /* Extension.swift */ = {isa = PBXFileReference; lastKnownFileType = sourcecode.swift; path = Extension.swift; sourceTree = "<group>"; };
		C5EFF20F260C09A900B22E8C /* Message.swift */ = {isa = PBXFileReference; lastKnownFileType = sourcecode.swift; path = Message.swift; sourceTree = "<group>"; };
		C5EFF233260C91A700B22E8C /* ChatDetailVC.swift */ = {isa = PBXFileReference; lastKnownFileType = sourcecode.swift; path = ChatDetailVC.swift; sourceTree = "<group>"; };
		C5EFF236260C98D400B22E8C /* ChatListViewCell.swift */ = {isa = PBXFileReference; fileEncoding = 4; lastKnownFileType = sourcecode.swift; path = ChatListViewCell.swift; sourceTree = "<group>"; };
		C5EFF237260C98D400B22E8C /* ChatListViewCell.xib */ = {isa = PBXFileReference; fileEncoding = 4; lastKnownFileType = file.xib; path = ChatListViewCell.xib; sourceTree = "<group>"; };
		C5EFF23C260C995B00B22E8C /* Chat.swift */ = {isa = PBXFileReference; fileEncoding = 4; lastKnownFileType = sourcecode.swift; path = Chat.swift; sourceTree = "<group>"; };
		C5F79FA526160C7200876C7B /* ServiceRateCell.swift */ = {isa = PBXFileReference; lastKnownFileType = sourcecode.swift; path = ServiceRateCell.swift; sourceTree = "<group>"; };
		C5F79FA626160C7200876C7B /* ServiceRateCell.xib */ = {isa = PBXFileReference; lastKnownFileType = file.xib; path = ServiceRateCell.xib; sourceTree = "<group>"; };
		C5F79FC62616246100876C7B /* AddServiceVC.swift */ = {isa = PBXFileReference; lastKnownFileType = sourcecode.swift; path = AddServiceVC.swift; sourceTree = "<group>"; };
		C5F79FCA2616765500876C7B /* JobRate.swift */ = {isa = PBXFileReference; lastKnownFileType = sourcecode.swift; path = JobRate.swift; sourceTree = "<group>"; };
		C5F79FEB2616AE6200876C7B /* ServicersList.swift */ = {isa = PBXFileReference; lastKnownFileType = sourcecode.swift; path = ServicersList.swift; sourceTree = "<group>"; };
		C5FE399A260D6CC200E4416F /* Montserrat-MediumItalic.otf */ = {isa = PBXFileReference; lastKnownFileType = file; path = "Montserrat-MediumItalic.otf"; sourceTree = "<group>"; };
		C5FE399B260D6CC200E4416F /* Montserrat-Bold.otf */ = {isa = PBXFileReference; lastKnownFileType = file; path = "Montserrat-Bold.otf"; sourceTree = "<group>"; };
		C5FE399C260D6CC200E4416F /* Montserrat-BlackItalic.otf */ = {isa = PBXFileReference; lastKnownFileType = file; path = "Montserrat-BlackItalic.otf"; sourceTree = "<group>"; };
		C5FE399D260D6CC200E4416F /* MontserratAlternates-Black.otf */ = {isa = PBXFileReference; lastKnownFileType = file; path = "MontserratAlternates-Black.otf"; sourceTree = "<group>"; };
		C5FE399E260D6CC200E4416F /* MontserratAlternates-LightItalic.otf */ = {isa = PBXFileReference; lastKnownFileType = file; path = "MontserratAlternates-LightItalic.otf"; sourceTree = "<group>"; };
		C5FE399F260D6CC200E4416F /* MontserratAlternates-Medium.otf */ = {isa = PBXFileReference; lastKnownFileType = file; path = "MontserratAlternates-Medium.otf"; sourceTree = "<group>"; };
		C5FE39A0260D6CC200E4416F /* Montserrat-BoldItalic.otf */ = {isa = PBXFileReference; lastKnownFileType = file; path = "Montserrat-BoldItalic.otf"; sourceTree = "<group>"; };
		C5FE39A1260D6CC200E4416F /* Montserrat-Light.otf */ = {isa = PBXFileReference; lastKnownFileType = file; path = "Montserrat-Light.otf"; sourceTree = "<group>"; };
		C5FE39A2260D6CC200E4416F /* Montserrat-ThinItalic.otf */ = {isa = PBXFileReference; lastKnownFileType = file; path = "Montserrat-ThinItalic.otf"; sourceTree = "<group>"; };
		C5FE39A3260D6CC200E4416F /* Montserrat-Thin.otf */ = {isa = PBXFileReference; lastKnownFileType = file; path = "Montserrat-Thin.otf"; sourceTree = "<group>"; };
		C5FE39A4260D6CC200E4416F /* MontserratAlternates-MediumItalic.otf */ = {isa = PBXFileReference; lastKnownFileType = file; path = "MontserratAlternates-MediumItalic.otf"; sourceTree = "<group>"; };
		C5FE39A5260D6CC200E4416F /* Montserrat-ExtraLight.otf */ = {isa = PBXFileReference; lastKnownFileType = file; path = "Montserrat-ExtraLight.otf"; sourceTree = "<group>"; };
		C5FE39A6260D6CC200E4416F /* MontserratAlternates-BlackItalic.otf */ = {isa = PBXFileReference; lastKnownFileType = file; path = "MontserratAlternates-BlackItalic.otf"; sourceTree = "<group>"; };
		C5FE39A7260D6CC200E4416F /* MontserratAlternates-Bold.otf */ = {isa = PBXFileReference; lastKnownFileType = file; path = "MontserratAlternates-Bold.otf"; sourceTree = "<group>"; };
		C5FE39A8260D6CC200E4416F /* MontserratAlternates-ExtraLightItalic.otf */ = {isa = PBXFileReference; lastKnownFileType = file; path = "MontserratAlternates-ExtraLightItalic.otf"; sourceTree = "<group>"; };
		C5FE39A9260D6CC200E4416F /* MontserratAlternates-Thin.otf */ = {isa = PBXFileReference; lastKnownFileType = file; path = "MontserratAlternates-Thin.otf"; sourceTree = "<group>"; };
		C5FE39AA260D6CC200E4416F /* Montserrat-LightItalic.otf */ = {isa = PBXFileReference; lastKnownFileType = file; path = "Montserrat-LightItalic.otf"; sourceTree = "<group>"; };
		C5FE39AB260D6CC200E4416F /* Montserrat-Medium.otf */ = {isa = PBXFileReference; lastKnownFileType = file; path = "Montserrat-Medium.otf"; sourceTree = "<group>"; };
		C5FE39AC260D6CC200E4416F /* MontserratAlternates-SemiBoldItalic.otf */ = {isa = PBXFileReference; lastKnownFileType = file; path = "MontserratAlternates-SemiBoldItalic.otf"; sourceTree = "<group>"; };
		C5FE39AD260D6CC200E4416F /* Montserrat-SemiBoldItalic.otf */ = {isa = PBXFileReference; lastKnownFileType = file; path = "Montserrat-SemiBoldItalic.otf"; sourceTree = "<group>"; };
		C5FE39AE260D6CC200E4416F /* Montserrat-ExtraBoldItalic.otf */ = {isa = PBXFileReference; lastKnownFileType = file; path = "Montserrat-ExtraBoldItalic.otf"; sourceTree = "<group>"; };
		C5FE39AF260D6CC200E4416F /* Montserrat-Italic.otf */ = {isa = PBXFileReference; lastKnownFileType = file; path = "Montserrat-Italic.otf"; sourceTree = "<group>"; };
		C5FE39B0260D6CC200E4416F /* MontserratAlternates-SemiBold.otf */ = {isa = PBXFileReference; lastKnownFileType = file; path = "MontserratAlternates-SemiBold.otf"; sourceTree = "<group>"; };
		C5FE39B1260D6CC200E4416F /* Montserrat-Regular.otf */ = {isa = PBXFileReference; lastKnownFileType = file; path = "Montserrat-Regular.otf"; sourceTree = "<group>"; };
		C5FE39B2260D6CC200E4416F /* MontserratAlternates-ExtraBold.otf */ = {isa = PBXFileReference; lastKnownFileType = file; path = "MontserratAlternates-ExtraBold.otf"; sourceTree = "<group>"; };
		C5FE39B3260D6CC200E4416F /* MontserratAlternates-BoldItalic.otf */ = {isa = PBXFileReference; lastKnownFileType = file; path = "MontserratAlternates-BoldItalic.otf"; sourceTree = "<group>"; };
		C5FE39B4260D6CC200E4416F /* Montserrat-ExtraBold.otf */ = {isa = PBXFileReference; lastKnownFileType = file; path = "Montserrat-ExtraBold.otf"; sourceTree = "<group>"; };
		C5FE39B5260D6CC200E4416F /* Montserrat-ExtraLightItalic.otf */ = {isa = PBXFileReference; lastKnownFileType = file; path = "Montserrat-ExtraLightItalic.otf"; sourceTree = "<group>"; };
		C5FE39B6260D6CC200E4416F /* MontserratAlternates-Light.otf */ = {isa = PBXFileReference; lastKnownFileType = file; path = "MontserratAlternates-Light.otf"; sourceTree = "<group>"; };
		C5FE39B7260D6CC200E4416F /* MontserratAlternates-ExtraLight.otf */ = {isa = PBXFileReference; lastKnownFileType = file; path = "MontserratAlternates-ExtraLight.otf"; sourceTree = "<group>"; };
		C5FE39B8260D6CC200E4416F /* MontserratAlternates-Regular.otf */ = {isa = PBXFileReference; lastKnownFileType = file; path = "MontserratAlternates-Regular.otf"; sourceTree = "<group>"; };
		C5FE39B9260D6CC200E4416F /* MontserratAlternates-ThinItalic.otf */ = {isa = PBXFileReference; lastKnownFileType = file; path = "MontserratAlternates-ThinItalic.otf"; sourceTree = "<group>"; };
		C5FE39BA260D6CC200E4416F /* Montserrat-Black.otf */ = {isa = PBXFileReference; lastKnownFileType = file; path = "Montserrat-Black.otf"; sourceTree = "<group>"; };
		C5FE39BB260D6CC200E4416F /* TheMixArab Bold.ttf */ = {isa = PBXFileReference; lastKnownFileType = file; path = "TheMixArab Bold.ttf"; sourceTree = "<group>"; };
		C5FE39BC260D6CC200E4416F /* TheMixArab Black.ttf */ = {isa = PBXFileReference; lastKnownFileType = file; path = "TheMixArab Black.ttf"; sourceTree = "<group>"; };
		C5FE39BD260D6CC200E4416F /* TheMixArab Regular.ttf */ = {isa = PBXFileReference; lastKnownFileType = file; path = "TheMixArab Regular.ttf"; sourceTree = "<group>"; };
		C5FE39BE260D6CC200E4416F /* MontserratAlternates-ExtraBoldItalic.otf */ = {isa = PBXFileReference; lastKnownFileType = file; path = "MontserratAlternates-ExtraBoldItalic.otf"; sourceTree = "<group>"; };
		C5FE39BF260D6CC200E4416F /* MontserratAlternates-Italic.otf */ = {isa = PBXFileReference; lastKnownFileType = file; path = "MontserratAlternates-Italic.otf"; sourceTree = "<group>"; };
		C5FE39C0260D6CC200E4416F /* Montserrat-SemiBold.otf */ = {isa = PBXFileReference; lastKnownFileType = file; path = "Montserrat-SemiBold.otf"; sourceTree = "<group>"; };
		F984E4B59FD3ACEB65F59FE6 /* Pods_DreamApp.framework */ = {isa = PBXFileReference; explicitFileType = wrapper.framework; includeInIndex = 0; path = Pods_DreamApp.framework; sourceTree = BUILT_PRODUCTS_DIR; };
/* End PBXFileReference section */

/* Begin PBXFrameworksBuildPhase section */
		C5E0DA1D25A8AF79008B0BFC /* Frameworks */ = {
			isa = PBXFrameworksBuildPhase;
			buildActionMask = 2147483647;
			files = (
				6089483514C8B49402A6A325 /* Pods_DreamApp.framework in Frameworks */,
			);
			runOnlyForDeploymentPostprocessing = 0;
		};
/* End PBXFrameworksBuildPhase section */

/* Begin PBXGroup section */
		09DFDBB937C74E02533A0885 /* Pods */ = {
			isa = PBXGroup;
			children = (
				3DA934695D712947D6EE7BA7 /* Pods-DreamApp.debug.xcconfig */,
				6DA4A7BBE66E6104BEE84ECF /* Pods-DreamApp.release.xcconfig */,
			);
			path = Pods;
			sourceTree = "<group>";
		};
		B25361D89226D451F884BF3E /* Frameworks */ = {
			isa = PBXGroup;
			children = (
				F984E4B59FD3ACEB65F59FE6 /* Pods_DreamApp.framework */,
			);
			name = Frameworks;
			sourceTree = "<group>";
		};
		C501C0662604EC4200BE7297 /* Model */ = {
			isa = PBXGroup;
			children = (
				C501C0672604EC9E00BE7297 /* Category.swift */,
				C5F79FCA2616765500876C7B /* JobRate.swift */,
				C501C06B2604ED1B00BE7297 /* Service.swift */,
				C5F79FEB2616AE6200876C7B /* ServicersList.swift */,
				C501C06E2604EDCF00BE7297 /* Global.swift */,
				C5EFF1F5260C08E800B22E8C /* Extension.swift */,
				C5EFF20F260C09A900B22E8C /* Message.swift */,
				C5EFF23C260C995B00B22E8C /* Chat.swift */,
			);
			path = Model;
			sourceTree = "<group>";
		};
		C527607D25FE6588002F3989 /* History */ = {
			isa = PBXGroup;
			children = (
				C527607E25FE65A4002F3989 /* HistoryVC.swift */,
			);
			path = History;
			sourceTree = "<group>";
		};
		C527608925FE7AFE002F3989 /* Favorite */ = {
			isa = PBXGroup;
			children = (
				C527608B25FE7B22002F3989 /* FavoriteVC.swift */,
			);
			path = Favorite;
			sourceTree = "<group>";
		};
		C527608E25FE83C7002F3989 /* Chat */ = {
			isa = PBXGroup;
			children = (
				C527608F25FE83ED002F3989 /* ChatVC.swift */,
				C5EFF233260C91A700B22E8C /* ChatDetailVC.swift */,
			);
			path = Chat;
			sourceTree = "<group>";
		};
		C54A6AA925AC585400C34D10 /* Login */ = {
			isa = PBXGroup;
			children = (
				C5BAE44925EE8F4F0064E65A /* LoginHomeVC.swift */,
				C5BAE44C25EE8F8B0064E65A /* LoginPhoneVC.swift */,
				C5BAE44F25EE8F9B0064E65A /* LoginEmailVC.swift */,
				C5BAE45225EE90330064E65A /* ForgotPassVC.swift */,
				C5BAE45525EE90470064E65A /* ForgotPassResendVC.swift */,
			);
			path = Login;
			sourceTree = "<group>";
		};
		C54A6AAB25AC586D00C34D10 /* Signup */ = {
			isa = PBXGroup;
			children = (
				C5BAE45E25EE92AF0064E65A /* SignupHomeVC.swift */,
				C5BAE46125EE92BF0064E65A /* SignupEmailVC.swift */,
				C5BAE46425EE92CF0064E65A /* SignupPhoneVC.swift */,
				C5BAE46725EE92E20064E65A /* SignupEmailConfirmVC.swift */,
				C5BAE46A25EE92F20064E65A /* SignupPhoneConfirmVC.swift */,
				C5BAE46D25EE93010064E65A /* SignupInfoVC.swift */,
			);
			path = Signup;
			sourceTree = "<group>";
		};
		C54A6AAD25AC88EC00C34D10 /* Home */ = {
			isa = PBXGroup;
			children = (
				C5E0DA2725A8AF79008B0BFC /* HomeVC.swift */,
				C504516025F7BBFB00FACD2E /* SubCategoryVC.swift */,
				C54A6A9C25AB856E00C34D10 /* PersonVC.swift */,
				C504517325F7D24200FACD2E /* ServicerListVC.swift */,
				C504517625F7D84C00FACD2E /* ServicerMapVC.swift */,
				C527607525FE5933002F3989 /* ServicerVC.swift */,
			);
			path = Home;
			sourceTree = "<group>";
		};
		C567A5EF25AA0CCA00F9E97E /* cell */ = {
			isa = PBXGroup;
			children = (
				C5EFF1EB260C081000B22E8C /* chatdetail */,
				C5F79FA526160C7200876C7B /* ServiceRateCell.swift */,
				C5F79FA626160C7200876C7B /* ServiceRateCell.xib */,
				C5EFF236260C98D400B22E8C /* ChatListViewCell.swift */,
				C5EFF237260C98D400B22E8C /* ChatListViewCell.xib */,
				C504515925F7A9A500FACD2E /* JobCategoryCell.swift */,
				C504515A25F7A9A500FACD2E /* JobCategoryCell.xib */,
				C504516325F7C39B00FACD2E /* ServicerListCell.swift */,
				C504516425F7C39B00FACD2E /* ServicerListCell.xib */,
				C527607825FE59C3002F3989 /* ReviewListCell.swift */,
				C527607925FE59C3002F3989 /* ReviewListCell.xib */,
				C527608125FE69EE002F3989 /* HistoryGoListCell.swift */,
				C527608225FE69EE002F3989 /* HistoryGoListCell.xib */,
			);
			path = cell;
			sourceTree = "<group>";
		};
		C5E0DA1725A8AF79008B0BFC = {
			isa = PBXGroup;
			children = (
				C5E0DA2225A8AF79008B0BFC /* DreamApp */,
				C5E0DA2125A8AF79008B0BFC /* Products */,
				09DFDBB937C74E02533A0885 /* Pods */,
				B25361D89226D451F884BF3E /* Frameworks */,
			);
			sourceTree = "<group>";
		};
		C5E0DA2125A8AF79008B0BFC /* Products */ = {
			isa = PBXGroup;
			children = (
				C5E0DA2025A8AF79008B0BFC /* DreamApp.app */,
			);
			name = Products;
			sourceTree = "<group>";
		};
		C5E0DA2225A8AF79008B0BFC /* DreamApp */ = {
			isa = PBXGroup;
			children = (
				C5E0DA2325A8AF79008B0BFC /* AppDelegate.swift */,
				C5E0DA2525A8AF79008B0BFC /* SceneDelegate.swift */,
				C51B3BBA2612AA9B001C2A09 /* GoogleService-Info.plist */,
				C5F79FC52616244300876C7B /* Person */,
				C5FE3999260D6CC200E4416F /* Font  */,
				C501C0662604EC4200BE7297 /* Model */,
				C527608E25FE83C7002F3989 /* Chat */,
				C527608925FE7AFE002F3989 /* Favorite */,
				C527607D25FE6588002F3989 /* History */,
				C54A6AAD25AC88EC00C34D10 /* Home */,
				C54A6AAB25AC586D00C34D10 /* Signup */,
				C54A6AA925AC585400C34D10 /* Login */,
				C567A5EF25AA0CCA00F9E97E /* cell */,
				C5E0DA2925A8AF79008B0BFC /* Main.storyboard */,
				C5E0DA2C25A8AF7A008B0BFC /* Assets.xcassets */,
				C5E0DA2E25A8AF7A008B0BFC /* LaunchScreen.storyboard */,
				C5E0DA3125A8AF7A008B0BFC /* Info.plist */,
			);
			path = DreamApp;
			sourceTree = "<group>";
		};
		C5EFF1EB260C081000B22E8C /* chatdetail */ = {
			isa = PBXGroup;
			children = (
				C5EFF1ED260C085A00B22E8C /* LeftViewCell.swift */,
				C5EFF1EF260C085A00B22E8C /* LeftViewCell.xib */,
				C5EFF1EC260C085900B22E8C /* RightViewCell.swift */,
				C5EFF1EE260C085A00B22E8C /* RightViewCell.xib */,
			);
			path = chatdetail;
			sourceTree = "<group>";
		};
		C5F79FC52616244300876C7B /* Person */ = {
			isa = PBXGroup;
			children = (
				C5F79FC62616246100876C7B /* AddServiceVC.swift */,
			);
			path = Person;
			sourceTree = "<group>";
		};
		C5FE3999260D6CC200E4416F /* Font  */ = {
			isa = PBXGroup;
			children = (
				C5FE399A260D6CC200E4416F /* Montserrat-MediumItalic.otf */,
				C5FE399B260D6CC200E4416F /* Montserrat-Bold.otf */,
				C5FE399C260D6CC200E4416F /* Montserrat-BlackItalic.otf */,
				C5FE399D260D6CC200E4416F /* MontserratAlternates-Black.otf */,
				C5FE399E260D6CC200E4416F /* MontserratAlternates-LightItalic.otf */,
				C5FE399F260D6CC200E4416F /* MontserratAlternates-Medium.otf */,
				C5FE39A0260D6CC200E4416F /* Montserrat-BoldItalic.otf */,
				C5FE39A1260D6CC200E4416F /* Montserrat-Light.otf */,
				C5FE39A2260D6CC200E4416F /* Montserrat-ThinItalic.otf */,
				C5FE39A3260D6CC200E4416F /* Montserrat-Thin.otf */,
				C5FE39A4260D6CC200E4416F /* MontserratAlternates-MediumItalic.otf */,
				C5FE39A5260D6CC200E4416F /* Montserrat-ExtraLight.otf */,
				C5FE39A6260D6CC200E4416F /* MontserratAlternates-BlackItalic.otf */,
				C5FE39A7260D6CC200E4416F /* MontserratAlternates-Bold.otf */,
				C5FE39A8260D6CC200E4416F /* MontserratAlternates-ExtraLightItalic.otf */,
				C5FE39A9260D6CC200E4416F /* MontserratAlternates-Thin.otf */,
				C5FE39AA260D6CC200E4416F /* Montserrat-LightItalic.otf */,
				C5FE39AB260D6CC200E4416F /* Montserrat-Medium.otf */,
				C5FE39AC260D6CC200E4416F /* MontserratAlternates-SemiBoldItalic.otf */,
				C5FE39AD260D6CC200E4416F /* Montserrat-SemiBoldItalic.otf */,
				C5FE39AE260D6CC200E4416F /* Montserrat-ExtraBoldItalic.otf */,
				C5FE39AF260D6CC200E4416F /* Montserrat-Italic.otf */,
				C5FE39B0260D6CC200E4416F /* MontserratAlternates-SemiBold.otf */,
				C5FE39B1260D6CC200E4416F /* Montserrat-Regular.otf */,
				C5FE39B2260D6CC200E4416F /* MontserratAlternates-ExtraBold.otf */,
				C5FE39B3260D6CC200E4416F /* MontserratAlternates-BoldItalic.otf */,
				C5FE39B4260D6CC200E4416F /* Montserrat-ExtraBold.otf */,
				C5FE39B5260D6CC200E4416F /* Montserrat-ExtraLightItalic.otf */,
				C5FE39B6260D6CC200E4416F /* MontserratAlternates-Light.otf */,
				C5FE39B7260D6CC200E4416F /* MontserratAlternates-ExtraLight.otf */,
				C5FE39B8260D6CC200E4416F /* MontserratAlternates-Regular.otf */,
				C5FE39B9260D6CC200E4416F /* MontserratAlternates-ThinItalic.otf */,
				C5FE39BA260D6CC200E4416F /* Montserrat-Black.otf */,
				C5FE39BB260D6CC200E4416F /* TheMixArab Bold.ttf */,
				C5FE39BC260D6CC200E4416F /* TheMixArab Black.ttf */,
				C5FE39BD260D6CC200E4416F /* TheMixArab Regular.ttf */,
				C5FE39BE260D6CC200E4416F /* MontserratAlternates-ExtraBoldItalic.otf */,
				C5FE39BF260D6CC200E4416F /* MontserratAlternates-Italic.otf */,
				C5FE39C0260D6CC200E4416F /* Montserrat-SemiBold.otf */,
			);
			path = "Font ";
			sourceTree = "<group>";
		};
/* End PBXGroup section */

/* Begin PBXNativeTarget section */
		C5E0DA1F25A8AF79008B0BFC /* DreamApp */ = {
			isa = PBXNativeTarget;
			buildConfigurationList = C5E0DA3425A8AF7A008B0BFC /* Build configuration list for PBXNativeTarget "DreamApp" */;
			buildPhases = (
				C45BDD8ED3A697E346FAF9D7 /* [CP] Check Pods Manifest.lock */,
				C5E0DA1C25A8AF79008B0BFC /* Sources */,
				C5E0DA1D25A8AF79008B0BFC /* Frameworks */,
				C5E0DA1E25A8AF79008B0BFC /* Resources */,
				602E6E36FA18B2E510798842 /* [CP] Embed Pods Frameworks */,
				4E18281B92D1570312AA2CBA /* [CP] Copy Pods Resources */,
			);
			buildRules = (
			);
			dependencies = (
			);
			name = DreamApp;
			productName = DreamApp;
			productReference = C5E0DA2025A8AF79008B0BFC /* DreamApp.app */;
			productType = "com.apple.product-type.application";
		};
/* End PBXNativeTarget section */

/* Begin PBXProject section */
		C5E0DA1825A8AF79008B0BFC /* Project object */ = {
			isa = PBXProject;
			attributes = {
				LastSwiftUpdateCheck = 1220;
				LastUpgradeCheck = 1220;
				TargetAttributes = {
					C5E0DA1F25A8AF79008B0BFC = {
						CreatedOnToolsVersion = 12.2;
					};
				};
			};
			buildConfigurationList = C5E0DA1B25A8AF79008B0BFC /* Build configuration list for PBXProject "DreamApp" */;
			compatibilityVersion = "Xcode 9.3";
			developmentRegion = en;
			hasScannedForEncodings = 0;
			knownRegions = (
				en,
				Base,
			);
			mainGroup = C5E0DA1725A8AF79008B0BFC;
			productRefGroup = C5E0DA2125A8AF79008B0BFC /* Products */;
			projectDirPath = "";
			projectRoot = "";
			targets = (
				C5E0DA1F25A8AF79008B0BFC /* DreamApp */,
			);
		};
/* End PBXProject section */

/* Begin PBXResourcesBuildPhase section */
		C5E0DA1E25A8AF79008B0BFC /* Resources */ = {
			isa = PBXResourcesBuildPhase;
			buildActionMask = 2147483647;
			files = (
				C5FE39DA260D6CC200E4416F /* MontserratAlternates-BoldItalic.otf in Resources */,
				C5FE39DB260D6CC200E4416F /* Montserrat-ExtraBold.otf in Resources */,
				C527608425FE69EE002F3989 /* HistoryGoListCell.xib in Resources */,
				C504516625F7C39B00FACD2E /* ServicerListCell.xib in Resources */,
				C5E0DA3025A8AF7A008B0BFC /* LaunchScreen.storyboard in Resources */,
				C5FE39E4260D6CC200E4416F /* TheMixArab Regular.ttf in Resources */,
				C5FE39D4260D6CC200E4416F /* Montserrat-SemiBoldItalic.otf in Resources */,
				C5FE39C4260D6CC200E4416F /* MontserratAlternates-Black.otf in Resources */,
				C5F79FA826160C7200876C7B /* ServiceRateCell.xib in Resources */,
				C5FE39CE260D6CC200E4416F /* MontserratAlternates-Bold.otf in Resources */,
				C5FE39D2260D6CC200E4416F /* Montserrat-Medium.otf in Resources */,
				C5FE39CB260D6CC200E4416F /* MontserratAlternates-MediumItalic.otf in Resources */,
				C5FE39DF260D6CC200E4416F /* MontserratAlternates-Regular.otf in Resources */,
				C5FE39DC260D6CC200E4416F /* Montserrat-ExtraLightItalic.otf in Resources */,
				C5EFF1F2260C085A00B22E8C /* RightViewCell.xib in Resources */,
				C5FE39CC260D6CC200E4416F /* Montserrat-ExtraLight.otf in Resources */,
				C5FE39D0260D6CC200E4416F /* MontserratAlternates-Thin.otf in Resources */,
				C5FE39D8260D6CC200E4416F /* Montserrat-Regular.otf in Resources */,
				C5FE39CA260D6CC200E4416F /* Montserrat-Thin.otf in Resources */,
				C5EFF1F3260C085A00B22E8C /* LeftViewCell.xib in Resources */,
				C5FE39C6260D6CC200E4416F /* MontserratAlternates-Medium.otf in Resources */,
				C5FE39D5260D6CC200E4416F /* Montserrat-ExtraBoldItalic.otf in Resources */,
				C5FE39C3260D6CC200E4416F /* Montserrat-BlackItalic.otf in Resources */,
				C504515C25F7A9A500FACD2E /* JobCategoryCell.xib in Resources */,
				C5FE39E0260D6CC200E4416F /* MontserratAlternates-ThinItalic.otf in Resources */,
				C527607B25FE59C3002F3989 /* ReviewListCell.xib in Resources */,
				C5FE39D9260D6CC200E4416F /* MontserratAlternates-ExtraBold.otf in Resources */,
				C5FE39E1260D6CC200E4416F /* Montserrat-Black.otf in Resources */,
				C51B3BBB2612AA9B001C2A09 /* GoogleService-Info.plist in Resources */,
				C5E0DA2D25A8AF7A008B0BFC /* Assets.xcassets in Resources */,
				C5FE39CF260D6CC200E4416F /* MontserratAlternates-ExtraLightItalic.otf in Resources */,
				C5FE39C7260D6CC200E4416F /* Montserrat-BoldItalic.otf in Resources */,
				C5FE39D7260D6CC200E4416F /* MontserratAlternates-SemiBold.otf in Resources */,
				C5FE39DD260D6CC200E4416F /* MontserratAlternates-Light.otf in Resources */,
				C5FE39E5260D6CC200E4416F /* MontserratAlternates-ExtraBoldItalic.otf in Resources */,
				C5EFF239260C98D500B22E8C /* ChatListViewCell.xib in Resources */,
				C5FE39C5260D6CC200E4416F /* MontserratAlternates-LightItalic.otf in Resources */,
				C5FE39C1260D6CC200E4416F /* Montserrat-MediumItalic.otf in Resources */,
				C5FE39E7260D6CC200E4416F /* Montserrat-SemiBold.otf in Resources */,
				C5FE39D3260D6CC200E4416F /* MontserratAlternates-SemiBoldItalic.otf in Resources */,
				C5FE39C9260D6CC200E4416F /* Montserrat-ThinItalic.otf in Resources */,
				C5FE39D1260D6CC200E4416F /* Montserrat-LightItalic.otf in Resources */,
				C5FE39E2260D6CC200E4416F /* TheMixArab Bold.ttf in Resources */,
				C5E0DA2B25A8AF79008B0BFC /* Main.storyboard in Resources */,
				C5FE39CD260D6CC200E4416F /* MontserratAlternates-BlackItalic.otf in Resources */,
				C5FE39C2260D6CC200E4416F /* Montserrat-Bold.otf in Resources */,
				C5FE39E6260D6CC200E4416F /* MontserratAlternates-Italic.otf in Resources */,
				C5FE39DE260D6CC200E4416F /* MontserratAlternates-ExtraLight.otf in Resources */,
				C5FE39E3260D6CC200E4416F /* TheMixArab Black.ttf in Resources */,
				C5FE39D6260D6CC200E4416F /* Montserrat-Italic.otf in Resources */,
				C5FE39C8260D6CC200E4416F /* Montserrat-Light.otf in Resources */,
			);
			runOnlyForDeploymentPostprocessing = 0;
		};
/* End PBXResourcesBuildPhase section */

/* Begin PBXShellScriptBuildPhase section */
		4E18281B92D1570312AA2CBA /* [CP] Copy Pods Resources */ = {
			isa = PBXShellScriptBuildPhase;
			buildActionMask = 2147483647;
			files = (
			);
			inputFileListPaths = (
				"${PODS_ROOT}/Target Support Files/Pods-DreamApp/Pods-DreamApp-resources-${CONFIGURATION}-input-files.xcfilelist",
			);
			name = "[CP] Copy Pods Resources";
			outputFileListPaths = (
				"${PODS_ROOT}/Target Support Files/Pods-DreamApp/Pods-DreamApp-resources-${CONFIGURATION}-output-files.xcfilelist",
			);
			runOnlyForDeploymentPostprocessing = 0;
			shellPath = /bin/sh;
			shellScript = "\"${PODS_ROOT}/Target Support Files/Pods-DreamApp/Pods-DreamApp-resources.sh\"\n";
			showEnvVarsInLog = 0;
		};
		602E6E36FA18B2E510798842 /* [CP] Embed Pods Frameworks */ = {
			isa = PBXShellScriptBuildPhase;
			buildActionMask = 2147483647;
			files = (
			);
			inputFileListPaths = (
				"${PODS_ROOT}/Target Support Files/Pods-DreamApp/Pods-DreamApp-frameworks-${CONFIGURATION}-input-files.xcfilelist",
			);
			name = "[CP] Embed Pods Frameworks";
			outputFileListPaths = (
				"${PODS_ROOT}/Target Support Files/Pods-DreamApp/Pods-DreamApp-frameworks-${CONFIGURATION}-output-files.xcfilelist",
			);
			runOnlyForDeploymentPostprocessing = 0;
			shellPath = /bin/sh;
			shellScript = "\"${PODS_ROOT}/Target Support Files/Pods-DreamApp/Pods-DreamApp-frameworks.sh\"\n";
			showEnvVarsInLog = 0;
		};
		C45BDD8ED3A697E346FAF9D7 /* [CP] Check Pods Manifest.lock */ = {
			isa = PBXShellScriptBuildPhase;
			buildActionMask = 2147483647;
			files = (
			);
			inputFileListPaths = (
			);
			inputPaths = (
				"${PODS_PODFILE_DIR_PATH}/Podfile.lock",
				"${PODS_ROOT}/Manifest.lock",
			);
			name = "[CP] Check Pods Manifest.lock";
			outputFileListPaths = (
			);
			outputPaths = (
				"$(DERIVED_FILE_DIR)/Pods-DreamApp-checkManifestLockResult.txt",
			);
			runOnlyForDeploymentPostprocessing = 0;
			shellPath = /bin/sh;
			shellScript = "diff \"${PODS_PODFILE_DIR_PATH}/Podfile.lock\" \"${PODS_ROOT}/Manifest.lock\" > /dev/null\nif [ $? != 0 ] ; then\n    # print error to STDERR\n    echo \"error: The sandbox is not in sync with the Podfile.lock. Run 'pod install' or update your CocoaPods installation.\" >&2\n    exit 1\nfi\n# This output is used by Xcode 'outputs' to avoid re-running this script phase.\necho \"SUCCESS\" > \"${SCRIPT_OUTPUT_FILE_0}\"\n";
			showEnvVarsInLog = 0;
		};
/* End PBXShellScriptBuildPhase section */

/* Begin PBXSourcesBuildPhase section */
		C5E0DA1C25A8AF79008B0BFC /* Sources */ = {
			isa = PBXSourcesBuildPhase;
			buildActionMask = 2147483647;
			files = (
				C5F79FCB2616765500876C7B /* JobRate.swift in Sources */,
				C5BAE46E25EE93010064E65A /* SignupInfoVC.swift in Sources */,
				C501C06C2604ED1B00BE7297 /* Service.swift in Sources */,
				C5E0DA2825A8AF79008B0BFC /* HomeVC.swift in Sources */,
				C5E0DA2425A8AF79008B0BFC /* AppDelegate.swift in Sources */,
				C504516125F7BBFB00FACD2E /* SubCategoryVC.swift in Sources */,
				C527608C25FE7B22002F3989 /* FavoriteVC.swift in Sources */,
				C5EFF210260C09A900B22E8C /* Message.swift in Sources */,
				C5F79FEC2616AE6200876C7B /* ServicersList.swift in Sources */,
				C5BAE46225EE92BF0064E65A /* SignupEmailVC.swift in Sources */,
				C5EFF1F6260C08E800B22E8C /* Extension.swift in Sources */,
				C5F79FA726160C7200876C7B /* ServiceRateCell.swift in Sources */,
				C5BAE45625EE90470064E65A /* ForgotPassResendVC.swift in Sources */,
				C527608325FE69EE002F3989 /* HistoryGoListCell.swift in Sources */,
				C5BAE46B25EE92F20064E65A /* SignupPhoneConfirmVC.swift in Sources */,
				C5BAE44D25EE8F8B0064E65A /* LoginPhoneVC.swift in Sources */,
				C5EFF23D260C995B00B22E8C /* Chat.swift in Sources */,
				C5EFF1F1260C085A00B22E8C /* LeftViewCell.swift in Sources */,
				C504516525F7C39B00FACD2E /* ServicerListCell.swift in Sources */,
				C527607F25FE65A4002F3989 /* HistoryVC.swift in Sources */,
				C5E0DA2625A8AF79008B0BFC /* SceneDelegate.swift in Sources */,
				C5EFF234260C91A700B22E8C /* ChatDetailVC.swift in Sources */,
				C5BAE45F25EE92AF0064E65A /* SignupHomeVC.swift in Sources */,
				C501C06F2604EDCF00BE7297 /* Global.swift in Sources */,
				C5BAE46825EE92E20064E65A /* SignupEmailConfirmVC.swift in Sources */,
				C54A6A9D25AB856E00C34D10 /* PersonVC.swift in Sources */,
				C5BAE45325EE90330064E65A /* ForgotPassVC.swift in Sources */,
				C527607625FE5933002F3989 /* ServicerVC.swift in Sources */,
				C5BAE46525EE92CF0064E65A /* SignupPhoneVC.swift in Sources */,
				C5BAE44A25EE8F4F0064E65A /* LoginHomeVC.swift in Sources */,
				C504517725F7D84C00FACD2E /* ServicerMapVC.swift in Sources */,
				C5EFF238260C98D500B22E8C /* ChatListViewCell.swift in Sources */,
				C5BAE45025EE8F9B0064E65A /* LoginEmailVC.swift in Sources */,
				C527607A25FE59C3002F3989 /* ReviewListCell.swift in Sources */,
				C5F79FC72616246100876C7B /* AddServiceVC.swift in Sources */,
				C501C0682604EC9E00BE7297 /* Category.swift in Sources */,
				C504515B25F7A9A500FACD2E /* JobCategoryCell.swift in Sources */,
				C527609025FE83ED002F3989 /* ChatVC.swift in Sources */,
				C504517425F7D24200FACD2E /* ServicerListVC.swift in Sources */,
				C5EFF1F0260C085A00B22E8C /* RightViewCell.swift in Sources */,
			);
			runOnlyForDeploymentPostprocessing = 0;
		};
/* End PBXSourcesBuildPhase section */

/* Begin PBXVariantGroup section */
		C5E0DA2925A8AF79008B0BFC /* Main.storyboard */ = {
			isa = PBXVariantGroup;
			children = (
				C5E0DA2A25A8AF79008B0BFC /* Base */,
			);
			name = Main.storyboard;
			sourceTree = "<group>";
		};
		C5E0DA2E25A8AF7A008B0BFC /* LaunchScreen.storyboard */ = {
			isa = PBXVariantGroup;
			children = (
				C5E0DA2F25A8AF7A008B0BFC /* Base */,
			);
			name = LaunchScreen.storyboard;
			sourceTree = "<group>";
		};
/* End PBXVariantGroup section */

/* Begin XCBuildConfiguration section */
		C5E0DA3225A8AF7A008B0BFC /* Debug */ = {
			isa = XCBuildConfiguration;
			buildSettings = {
				ALWAYS_SEARCH_USER_PATHS = NO;
				CLANG_ANALYZER_NONNULL = YES;
				CLANG_ANALYZER_NUMBER_OBJECT_CONVERSION = YES_AGGRESSIVE;
				CLANG_CXX_LANGUAGE_STANDARD = "gnu++14";
				CLANG_CXX_LIBRARY = "libc++";
				CLANG_ENABLE_MODULES = YES;
				CLANG_ENABLE_OBJC_ARC = YES;
				CLANG_ENABLE_OBJC_WEAK = YES;
				CLANG_WARN_BLOCK_CAPTURE_AUTORELEASING = YES;
				CLANG_WARN_BOOL_CONVERSION = YES;
				CLANG_WARN_COMMA = YES;
				CLANG_WARN_CONSTANT_CONVERSION = YES;
				CLANG_WARN_DEPRECATED_OBJC_IMPLEMENTATIONS = YES;
				CLANG_WARN_DIRECT_OBJC_ISA_USAGE = YES_ERROR;
				CLANG_WARN_DOCUMENTATION_COMMENTS = YES;
				CLANG_WARN_EMPTY_BODY = YES;
				CLANG_WARN_ENUM_CONVERSION = YES;
				CLANG_WARN_INFINITE_RECURSION = YES;
				CLANG_WARN_INT_CONVERSION = YES;
				CLANG_WARN_NON_LITERAL_NULL_CONVERSION = YES;
				CLANG_WARN_OBJC_IMPLICIT_RETAIN_SELF = YES;
				CLANG_WARN_OBJC_LITERAL_CONVERSION = YES;
				CLANG_WARN_OBJC_ROOT_CLASS = YES_ERROR;
				CLANG_WARN_QUOTED_INCLUDE_IN_FRAMEWORK_HEADER = YES;
				CLANG_WARN_RANGE_LOOP_ANALYSIS = YES;
				CLANG_WARN_STRICT_PROTOTYPES = YES;
				CLANG_WARN_SUSPICIOUS_MOVE = YES;
				CLANG_WARN_UNGUARDED_AVAILABILITY = YES_AGGRESSIVE;
				CLANG_WARN_UNREACHABLE_CODE = YES;
				CLANG_WARN__DUPLICATE_METHOD_MATCH = YES;
				COPY_PHASE_STRIP = NO;
				DEBUG_INFORMATION_FORMAT = dwarf;
				ENABLE_STRICT_OBJC_MSGSEND = YES;
				ENABLE_TESTABILITY = YES;
				GCC_C_LANGUAGE_STANDARD = gnu11;
				GCC_DYNAMIC_NO_PIC = NO;
				GCC_NO_COMMON_BLOCKS = YES;
				GCC_OPTIMIZATION_LEVEL = 0;
				GCC_PREPROCESSOR_DEFINITIONS = (
					"DEBUG=1",
					"$(inherited)",
				);
				GCC_WARN_64_TO_32_BIT_CONVERSION = YES;
				GCC_WARN_ABOUT_RETURN_TYPE = YES_ERROR;
				GCC_WARN_UNDECLARED_SELECTOR = YES;
				GCC_WARN_UNINITIALIZED_AUTOS = YES_AGGRESSIVE;
				GCC_WARN_UNUSED_FUNCTION = YES;
				GCC_WARN_UNUSED_VARIABLE = YES;
				IPHONEOS_DEPLOYMENT_TARGET = 14.2;
				MTL_ENABLE_DEBUG_INFO = INCLUDE_SOURCE;
				MTL_FAST_MATH = YES;
				ONLY_ACTIVE_ARCH = YES;
				SDKROOT = iphoneos;
				SWIFT_ACTIVE_COMPILATION_CONDITIONS = DEBUG;
				SWIFT_OPTIMIZATION_LEVEL = "-Onone";
			};
			name = Debug;
		};
		C5E0DA3325A8AF7A008B0BFC /* Release */ = {
			isa = XCBuildConfiguration;
			buildSettings = {
				ALWAYS_SEARCH_USER_PATHS = NO;
				CLANG_ANALYZER_NONNULL = YES;
				CLANG_ANALYZER_NUMBER_OBJECT_CONVERSION = YES_AGGRESSIVE;
				CLANG_CXX_LANGUAGE_STANDARD = "gnu++14";
				CLANG_CXX_LIBRARY = "libc++";
				CLANG_ENABLE_MODULES = YES;
				CLANG_ENABLE_OBJC_ARC = YES;
				CLANG_ENABLE_OBJC_WEAK = YES;
				CLANG_WARN_BLOCK_CAPTURE_AUTORELEASING = YES;
				CLANG_WARN_BOOL_CONVERSION = YES;
				CLANG_WARN_COMMA = YES;
				CLANG_WARN_CONSTANT_CONVERSION = YES;
				CLANG_WARN_DEPRECATED_OBJC_IMPLEMENTATIONS = YES;
				CLANG_WARN_DIRECT_OBJC_ISA_USAGE = YES_ERROR;
				CLANG_WARN_DOCUMENTATION_COMMENTS = YES;
				CLANG_WARN_EMPTY_BODY = YES;
				CLANG_WARN_ENUM_CONVERSION = YES;
				CLANG_WARN_INFINITE_RECURSION = YES;
				CLANG_WARN_INT_CONVERSION = YES;
				CLANG_WARN_NON_LITERAL_NULL_CONVERSION = YES;
				CLANG_WARN_OBJC_IMPLICIT_RETAIN_SELF = YES;
				CLANG_WARN_OBJC_LITERAL_CONVERSION = YES;
				CLANG_WARN_OBJC_ROOT_CLASS = YES_ERROR;
				CLANG_WARN_QUOTED_INCLUDE_IN_FRAMEWORK_HEADER = YES;
				CLANG_WARN_RANGE_LOOP_ANALYSIS = YES;
				CLANG_WARN_STRICT_PROTOTYPES = YES;
				CLANG_WARN_SUSPICIOUS_MOVE = YES;
				CLANG_WARN_UNGUARDED_AVAILABILITY = YES_AGGRESSIVE;
				CLANG_WARN_UNREACHABLE_CODE = YES;
				CLANG_WARN__DUPLICATE_METHOD_MATCH = YES;
				COPY_PHASE_STRIP = NO;
				DEBUG_INFORMATION_FORMAT = "dwarf-with-dsym";
				ENABLE_NS_ASSERTIONS = NO;
				ENABLE_STRICT_OBJC_MSGSEND = YES;
				GCC_C_LANGUAGE_STANDARD = gnu11;
				GCC_NO_COMMON_BLOCKS = YES;
				GCC_WARN_64_TO_32_BIT_CONVERSION = YES;
				GCC_WARN_ABOUT_RETURN_TYPE = YES_ERROR;
				GCC_WARN_UNDECLARED_SELECTOR = YES;
				GCC_WARN_UNINITIALIZED_AUTOS = YES_AGGRESSIVE;
				GCC_WARN_UNUSED_FUNCTION = YES;
				GCC_WARN_UNUSED_VARIABLE = YES;
				IPHONEOS_DEPLOYMENT_TARGET = 14.2;
				MTL_ENABLE_DEBUG_INFO = NO;
				MTL_FAST_MATH = YES;
				SDKROOT = iphoneos;
				SWIFT_COMPILATION_MODE = wholemodule;
				SWIFT_OPTIMIZATION_LEVEL = "-O";
				VALIDATE_PRODUCT = YES;
			};
			name = Release;
		};
		C5E0DA3525A8AF7A008B0BFC /* Debug */ = {
			isa = XCBuildConfiguration;
			baseConfigurationReference = 3DA934695D712947D6EE7BA7 /* Pods-DreamApp.debug.xcconfig */;
			buildSettings = {
				ASSETCATALOG_COMPILER_APPICON_NAME = AppIcon;
				ASSETCATALOG_COMPILER_GLOBAL_ACCENT_COLOR_NAME = AccentColor;
				CODE_SIGN_STYLE = Automatic;
				DEVELOPMENT_TEAM = X7KG3RM5JT;
				INFOPLIST_FILE = DreamApp/Info.plist;
				IPHONEOS_DEPLOYMENT_TARGET = 13.0;
				LD_RUNPATH_SEARCH_PATHS = (
					"$(inherited)",
					"@executable_path/Frameworks",
				);
				PRODUCT_BUNDLE_IDENTIFIER = com.mobiledev.adon;
				PRODUCT_NAME = "$(TARGET_NAME)";
				SWIFT_VERSION = 5.0;
				TARGETED_DEVICE_FAMILY = 1;
			};
			name = Debug;
		};
		C5E0DA3625A8AF7A008B0BFC /* Release */ = {
			isa = XCBuildConfiguration;
			baseConfigurationReference = 6DA4A7BBE66E6104BEE84ECF /* Pods-DreamApp.release.xcconfig */;
			buildSettings = {
				ASSETCATALOG_COMPILER_APPICON_NAME = AppIcon;
				ASSETCATALOG_COMPILER_GLOBAL_ACCENT_COLOR_NAME = AccentColor;
				CODE_SIGN_STYLE = Automatic;
				DEVELOPMENT_TEAM = X7KG3RM5JT;
				INFOPLIST_FILE = DreamApp/Info.plist;
				IPHONEOS_DEPLOYMENT_TARGET = 13.0;
				LD_RUNPATH_SEARCH_PATHS = (
					"$(inherited)",
					"@executable_path/Frameworks",
				);
				PRODUCT_BUNDLE_IDENTIFIER = com.mobiledev.adon;
				PRODUCT_NAME = "$(TARGET_NAME)";
				SWIFT_VERSION = 5.0;
				TARGETED_DEVICE_FAMILY = 1;
			};
			name = Release;
		};
/* End XCBuildConfiguration section */

/* Begin XCConfigurationList section */
		C5E0DA1B25A8AF79008B0BFC /* Build configuration list for PBXProject "DreamApp" */ = {
			isa = XCConfigurationList;
			buildConfigurations = (
				C5E0DA3225A8AF7A008B0BFC /* Debug */,
				C5E0DA3325A8AF7A008B0BFC /* Release */,
			);
			defaultConfigurationIsVisible = 0;
			defaultConfigurationName = Release;
		};
		C5E0DA3425A8AF7A008B0BFC /* Build configuration list for PBXNativeTarget "DreamApp" */ = {
			isa = XCConfigurationList;
			buildConfigurations = (
				C5E0DA3525A8AF7A008B0BFC /* Debug */,
				C5E0DA3625A8AF7A008B0BFC /* Release */,
			);
			defaultConfigurationIsVisible = 0;
			defaultConfigurationName = Release;
		};
/* End XCConfigurationList section */
	};
	rootObject = C5E0DA1825A8AF79008B0BFC /* Project object */;
}
